
Microsoft Visual Studio Solution File, Format Version 12.00
Project("{FAE04EC0-301F-11D3-BF4B-00C04F79EFBC}") = "YatzyGame", "YatzyGame\YatzyGame.csproj", "{38AE9A4C-4778-443A-A9BE-1C2FA47F19D5}"
EndProject
Project("{FAE04EC0-301F-11D3-BF4B-00C04F79EFBC}") = "YatzyGameTests", "YatzyGameTests\YatzyGameTests.csproj", "{548E35F9-507C-4D2E-B852-EE3040772887}"
EndProject
Global
	GlobalSection(SolutionConfigurationPlatforms) = preSolution
		Debug|Any CPU = Debug|Any CPU
		Release|Any CPU = Release|Any CPU
	EndGlobalSection
	GlobalSection(ProjectConfigurationPlatforms) = postSolution
		{38AE9A4C-4778-443A-A9BE-1C2FA47F19D5}.Debug|Any CPU.ActiveCfg = Debug|Any CPU
		{38AE9A4C-4778-443A-A9BE-1C2FA47F19D5}.Debug|Any CPU.Build.0 = Debug|Any CPU
		{38AE9A4C-4778-443A-A9BE-1C2FA47F19D5}.Release|Any CPU.ActiveCfg = Release|Any CPU
		{38AE9A4C-4778-443A-A9BE-1C2FA47F19D5}.Release|Any CPU.Build.0 = Release|Any CPU
		{548E35F9-507C-4D2E-B852-EE3040772887}.Debug|Any CPU.ActiveCfg = Debug|Any CPU
		{548E35F9-507C-4D2E-B852-EE3040772887}.Debug|Any CPU.Build.0 = Debug|Any CPU
		{548E35F9-507C-4D2E-B852-EE3040772887}.Release|Any CPU.ActiveCfg = Release|Any CPU
		{548E35F9-507C-4D2E-B852-EE3040772887}.Release|Any CPU.Build.0 = Release|Any CPU
	EndGlobalSection
EndGlobal
